
Microsoft Visual Studio Solution File, Format Version 12.00
# Visual Studio Version 17
VisualStudioVersion = 17.0.32112.339
MinimumVisualStudioVersion = 10.0.40219.1
Project("{9A19103F-16F7-4668-BE54-9A1E7A4F7556}") = "OBS.Domain", "OBS.Domain\OBS.Domain.csproj", "{400F2192-D698-458B-9A98-FB2D34B4DF0C}"
EndProject
Project("{9A19103F-16F7-4668-BE54-9A1E7A4F7556}") = "OBS.API.ReceberDemanda", "OBS.API.ReceberDemanda\OBS.API.ReceberDemanda.csproj", "{A846C7C9-8596-4247-AAF0-A4EC33B6D894}"
EndProject
Project("{FAE04EC0-301F-11D3-BF4B-00C04F79EFBC}") = "OBS.Web", "OBS.Web\OBS.Web.csproj", "{6C5EA15B-86DC-46FA-B949-F4B337FAA4AB}"
EndProject
Project("{FAE04EC0-301F-11D3-BF4B-00C04F79EFBC}") = "OBS.API.Demanda.ListaDemanda", "OBS.API.Demanda.ListaDemanda\OBS.API.Demanda.ListaDemanda.csproj", "{046335AF-580C-427E-9EFF-E2E413043A02}"
EndProject
Project("{FAE04EC0-301F-11D3-BF4B-00C04F79EFBC}") = "OBS.API.Demanda.EnfileraDemanda", "OBS.API.Demanda.EnfileraDemanda\OBS.API.Demanda.EnfileraDemanda.csproj", "{2E599DA9-2DDD-4FD0-9B0F-D27F0AABB4D3}"
EndProject
Project("{FAE04EC0-301F-11D3-BF4B-00C04F79EFBC}") = "OBS.API.Demanda.DetalheDemanda", "OBS.API.Demanda.DetalheDemanda\OBS.API.Demanda.DetalheDemanda.csproj", "{43E516AE-CF68-4F77-B214-66700CDCD16B}"
EndProject
Project("{FAE04EC0-301F-11D3-BF4B-00C04F79EFBC}") = "OBS.API.Demanda.AlteraFase", "OBS.API.Demanda.AlteraFase\OBS.API.Demanda.AlteraFase.csproj", "{9BAAFFC5-5E11-42AC-B17E-81FA6E033281}"
EndProject
Project("{FAE04EC0-301F-11D3-BF4B-00C04F79EFBC}") = "OBS.API.Demanda.AlteraDemanda", "OBS.API.Demanda.AlteraDemanda\OBS.API.Demanda.AlteraDemanda.csproj", "{8CADC890-3972-45A5-B36E-0FF02BEDE86B}"
EndProject
Global
	GlobalSection(SolutionConfigurationPlatforms) = preSolution
		Debug|Any CPU = Debug|Any CPU
		Release|Any CPU = Release|Any CPU
	EndGlobalSection
	GlobalSection(ProjectConfigurationPlatforms) = postSolution
		{400F2192-D698-458B-9A98-FB2D34B4DF0C}.Debug|Any CPU.ActiveCfg = Debug|Any CPU
		{400F2192-D698-458B-9A98-FB2D34B4DF0C}.Debug|Any CPU.Build.0 = Debug|Any CPU
		{400F2192-D698-458B-9A98-FB2D34B4DF0C}.Release|Any CPU.ActiveCfg = Release|Any CPU
		{400F2192-D698-458B-9A98-FB2D34B4DF0C}.Release|Any CPU.Build.0 = Release|Any CPU
		{A846C7C9-8596-4247-AAF0-A4EC33B6D894}.Debug|Any CPU.ActiveCfg = Debug|Any CPU
		{A846C7C9-8596-4247-AAF0-A4EC33B6D894}.Debug|Any CPU.Build.0 = Debug|Any CPU
		{A846C7C9-8596-4247-AAF0-A4EC33B6D894}.Release|Any CPU.ActiveCfg = Release|Any CPU
		{A846C7C9-8596-4247-AAF0-A4EC33B6D894}.Release|Any CPU.Build.0 = Release|Any CPU
		{6C5EA15B-86DC-46FA-B949-F4B337FAA4AB}.Debug|Any CPU.ActiveCfg = Debug|Any CPU
		{6C5EA15B-86DC-46FA-B949-F4B337FAA4AB}.Debug|Any CPU.Build.0 = Debug|Any CPU
		{6C5EA15B-86DC-46FA-B949-F4B337FAA4AB}.Release|Any CPU.ActiveCfg = Release|Any CPU
		{6C5EA15B-86DC-46FA-B949-F4B337FAA4AB}.Release|Any CPU.Build.0 = Release|Any CPU
		{046335AF-580C-427E-9EFF-E2E413043A02}.Debug|Any CPU.ActiveCfg = Debug|Any CPU
		{046335AF-580C-427E-9EFF-E2E413043A02}.Debug|Any CPU.Build.0 = Debug|Any CPU
		{046335AF-580C-427E-9EFF-E2E413043A02}.Release|Any CPU.ActiveCfg = Release|Any CPU
		{046335AF-580C-427E-9EFF-E2E413043A02}.Release|Any CPU.Build.0 = Release|Any CPU
		{2E599DA9-2DDD-4FD0-9B0F-D27F0AABB4D3}.Debug|Any CPU.ActiveCfg = Debug|Any CPU
		{2E599DA9-2DDD-4FD0-9B0F-D27F0AABB4D3}.Debug|Any CPU.Build.0 = Debug|Any CPU
		{2E599DA9-2DDD-4FD0-9B0F-D27F0AABB4D3}.Release|Any CPU.ActiveCfg = Release|Any CPU
		{2E599DA9-2DDD-4FD0-9B0F-D27F0AABB4D3}.Release|Any CPU.Build.0 = Release|Any CPU
		{43E516AE-CF68-4F77-B214-66700CDCD16B}.Debug|Any CPU.ActiveCfg = Debug|Any CPU
		{43E516AE-CF68-4F77-B214-66700CDCD16B}.Debug|Any CPU.Build.0 = Debug|Any CPU
		{43E516AE-CF68-4F77-B214-66700CDCD16B}.Release|Any CPU.ActiveCfg = Release|Any CPU
		{43E516AE-CF68-4F77-B214-66700CDCD16B}.Release|Any CPU.Build.0 = Release|Any CPU
		{9BAAFFC5-5E11-42AC-B17E-81FA6E033281}.Debug|Any CPU.ActiveCfg = Debug|Any CPU
		{9BAAFFC5-5E11-42AC-B17E-81FA6E033281}.Debug|Any CPU.Build.0 = Debug|Any CPU
		{9BAAFFC5-5E11-42AC-B17E-81FA6E033281}.Release|Any CPU.ActiveCfg = Release|Any CPU
		{9BAAFFC5-5E11-42AC-B17E-81FA6E033281}.Release|Any CPU.Build.0 = Release|Any CPU
		{8CADC890-3972-45A5-B36E-0FF02BEDE86B}.Debug|Any CPU.ActiveCfg = Debug|Any CPU
		{8CADC890-3972-45A5-B36E-0FF02BEDE86B}.Debug|Any CPU.Build.0 = Debug|Any CPU
		{8CADC890-3972-45A5-B36E-0FF02BEDE86B}.Release|Any CPU.ActiveCfg = Release|Any CPU
		{8CADC890-3972-45A5-B36E-0FF02BEDE86B}.Release|Any CPU.Build.0 = Release|Any CPU
	EndGlobalSection
	GlobalSection(SolutionProperties) = preSolution
		HideSolutionNode = FALSE
	EndGlobalSection
	GlobalSection(ExtensibilityGlobals) = postSolution
		SolutionGuid = {D6A68736-9A00-4A3C-A284-D46AD42C8E87}
	EndGlobalSection
EndGlobal
