
Microsoft Visual Studio Solution File, Format Version 12.00
# Visual Studio Version 17
VisualStudioVersion = 17.0.32112.339
MinimumVisualStudioVersion = 10.0.40219.1
Project("{FAE04EC0-301F-11D3-BF4B-00C04F79EFBC}") = "OBS.Domain", "OBS.Domain\OBS.Domain.csproj", "{400F2192-D698-458B-9A98-FB2D34B4DF0C}"
EndProject
Project("{FAE04EC0-301F-11D3-BF4B-00C04F79EFBC}") = "OBS.API.ReceberDemanda", "OBS.API.ReceberDemanda\OBS.API.ReceberDemanda.csproj", "{A846C7C9-8596-4247-AAF0-A4EC33B6D894}"
EndProject
Global
	GlobalSection(SolutionConfigurationPlatforms) = preSolution
		Debug|Any CPU = Debug|Any CPU
		Release|Any CPU = Release|Any CPU
	EndGlobalSection
	GlobalSection(ProjectConfigurationPlatforms) = postSolution
		{400F2192-D698-458B-9A98-FB2D34B4DF0C}.Debug|Any CPU.ActiveCfg = Debug|Any CPU
		{400F2192-D698-458B-9A98-FB2D34B4DF0C}.Debug|Any CPU.Build.0 = Debug|Any CPU
		{400F2192-D698-458B-9A98-FB2D34B4DF0C}.Release|Any CPU.ActiveCfg = Release|Any CPU
		{400F2192-D698-458B-9A98-FB2D34B4DF0C}.Release|Any CPU.Build.0 = Release|Any CPU
		{A846C7C9-8596-4247-AAF0-A4EC33B6D894}.Debug|Any CPU.ActiveCfg = Debug|Any CPU
		{A846C7C9-8596-4247-AAF0-A4EC33B6D894}.Debug|Any CPU.Build.0 = Debug|Any CPU
		{A846C7C9-8596-4247-AAF0-A4EC33B6D894}.Release|Any CPU.ActiveCfg = Release|Any CPU
		{A846C7C9-8596-4247-AAF0-A4EC33B6D894}.Release|Any CPU.Build.0 = Release|Any CPU
	EndGlobalSection
	GlobalSection(SolutionProperties) = preSolution
		HideSolutionNode = FALSE
	EndGlobalSection
	GlobalSection(ExtensibilityGlobals) = postSolution
		SolutionGuid = {D6A68736-9A00-4A3C-A284-D46AD42C8E87}
	EndGlobalSection
EndGlobal
